
Microsoft Visual Studio Solution File, Format Version 12.00
# Visual Studio Version 16
VisualStudioVersion = 16.0.31321.278
MinimumVisualStudioVersion = 10.0.40219.1
Project("{FAE04EC0-301F-11D3-BF4B-00C04F79EFBC}") = "DDW.PatternPrototype", "DDW.PatternPrototype\DDW.PatternPrototype.csproj", "{56076479-8EA9-4944-9F20-AB8678D90E20}"
EndProject
Global
	GlobalSection(SolutionConfigurationPlatforms) = preSolution
		Debug|Any CPU = Debug|Any CPU
		Release|Any CPU = Release|Any CPU
	EndGlobalSection
	GlobalSection(ProjectConfigurationPlatforms) = postSolution
		{56076479-8EA9-4944-9F20-AB8678D90E20}.Debug|Any CPU.ActiveCfg = Debug|Any CPU
		{56076479-8EA9-4944-9F20-AB8678D90E20}.Debug|Any CPU.Build.0 = Debug|Any CPU
		{56076479-8EA9-4944-9F20-AB8678D90E20}.Release|Any CPU.ActiveCfg = Release|Any CPU
		{56076479-8EA9-4944-9F20-AB8678D90E20}.Release|Any CPU.Build.0 = Release|Any CPU
	EndGlobalSection
	GlobalSection(SolutionProperties) = preSolution
		HideSolutionNode = FALSE
	EndGlobalSection
	GlobalSection(ExtensibilityGlobals) = postSolution
		SolutionGuid = {587F0C2B-BD4B-4BE2-9749-AB1B251DD59B}
	EndGlobalSection
EndGlobal
